
Microsoft Visual Studio Solution File, Format Version 12.00
# Visual Studio Version 17
VisualStudioVersion = 17.7.34221.43
MinimumVisualStudioVersion = 10.0.40219.1
Project("{FAE04EC0-301F-11D3-BF4B-00C04F79EFBC}") = "Decorator", "Decorator\Decorator.csproj", "{CDEE02BD-ADAA-4C97-9A84-DF24043AE932}"
EndProject
Project("{FAE04EC0-301F-11D3-BF4B-00C04F79EFBC}") = "ConsoleApp1", "ConsoleApp1\ConsoleApp1.csproj", "{60CAE076-1FF8-4824-8BA7-65CFC5F32F9B}"
EndProject
Global
	GlobalSection(SolutionConfigurationPlatforms) = preSolution
		Debug|Any CPU = Debug|Any CPU
		Release|Any CPU = Release|Any CPU
	EndGlobalSection
	GlobalSection(ProjectConfigurationPlatforms) = postSolution
		{CDEE02BD-ADAA-4C97-9A84-DF24043AE932}.Debug|Any CPU.ActiveCfg = Debug|Any CPU
		{CDEE02BD-ADAA-4C97-9A84-DF24043AE932}.Debug|Any CPU.Build.0 = Debug|Any CPU
		{CDEE02BD-ADAA-4C97-9A84-DF24043AE932}.Release|Any CPU.ActiveCfg = Release|Any CPU
		{CDEE02BD-ADAA-4C97-9A84-DF24043AE932}.Release|Any CPU.Build.0 = Release|Any CPU
		{60CAE076-1FF8-4824-8BA7-65CFC5F32F9B}.Debug|Any CPU.ActiveCfg = Debug|Any CPU
		{60CAE076-1FF8-4824-8BA7-65CFC5F32F9B}.Debug|Any CPU.Build.0 = Debug|Any CPU
		{60CAE076-1FF8-4824-8BA7-65CFC5F32F9B}.Release|Any CPU.ActiveCfg = Release|Any CPU
		{60CAE076-1FF8-4824-8BA7-65CFC5F32F9B}.Release|Any CPU.Build.0 = Release|Any CPU
	EndGlobalSection
	GlobalSection(SolutionProperties) = preSolution
		HideSolutionNode = FALSE
	EndGlobalSection
	GlobalSection(ExtensibilityGlobals) = postSolution
		SolutionGuid = {59BB005A-EA94-4FC2-ABEF-3B1270FFD42A}
	EndGlobalSection
EndGlobal
